github.com/meian/go-rev-callgraph/testdata/bar v0.0.0-20250427081351-f7bd913afbae h1:UQM9itz0ioApDKTTMHC5+Tt+PSOQy5wiaV4Wt0PhlEs=
github.com/meian/go-rev-callgraph/testdata/bar v0.0.0-20250427081351-f7bd913afbae/go.mod h1:VF001X7iTeKLN/ZMQbKNJ2a6/qqD/EX5UWfD1GbtxpQ=
github.com/meian/go-rev-callgraph/testdata/bar v0.0.0-20250501155140-0b00b296e431 h1:BsWhv+s1pPuDXkLz5z1Z4xw6f23oyMyBdfgq/aPlUZU=
github.com/meian/go-rev-callgraph/testdata/bar v0.0.0-20250501155140-0b00b296e431/go.mod h1:3yoI373z2cBYD5Irh1sKEyDsGndySmhnEOEtw+Qf9MY=
github.com/meian/go-rev-callgraph/testdata/foo v0.0.0-20250427081040-1b56eebcb9ff h1:UY7zBLZYvqxpBOXvM7NMphwxZSOAElhcvEBrgPmHX5E=
github.com/meian/go-rev-callgraph/testdata/foo v0.0.0-20250427081040-1b56eebcb9ff/go.mod h1:4jP5A0PWKhrXfaw53Awg/BtFsH3Akb/iRVFZPdYps/Q=
